
Microsoft Visual Studio Solution File, Format Version 12.00
Project("{FAE04EC0-301F-11D3-BF4B-00C04F79EFBC}") = "Console", "Console\Console.csproj", "{F8D2D60B-B28E-4B12-BDAD-01D7D5D9D3D5}"
EndProject
Project("{FAE04EC0-301F-11D3-BF4B-00C04F79EFBC}") = "ConsoleTest", "ConsoleTest\ConsoleTest.csproj", "{3E0749D9-C884-44F2-AEBF-2B9CF630E06D}"
EndProject
Global
	GlobalSection(SolutionConfigurationPlatforms) = preSolution
		Debug|Any CPU = Debug|Any CPU
		Release|Any CPU = Release|Any CPU
	EndGlobalSection
	GlobalSection(ProjectConfigurationPlatforms) = postSolution
		{F8D2D60B-B28E-4B12-BDAD-01D7D5D9D3D5}.Debug|Any CPU.ActiveCfg = Debug|Any CPU
		{F8D2D60B-B28E-4B12-BDAD-01D7D5D9D3D5}.Debug|Any CPU.Build.0 = Debug|Any CPU
		{F8D2D60B-B28E-4B12-BDAD-01D7D5D9D3D5}.Release|Any CPU.ActiveCfg = Release|Any CPU
		{F8D2D60B-B28E-4B12-BDAD-01D7D5D9D3D5}.Release|Any CPU.Build.0 = Release|Any CPU
		{3E0749D9-C884-44F2-AEBF-2B9CF630E06D}.Debug|Any CPU.ActiveCfg = Debug|Any CPU
		{3E0749D9-C884-44F2-AEBF-2B9CF630E06D}.Debug|Any CPU.Build.0 = Debug|Any CPU
		{3E0749D9-C884-44F2-AEBF-2B9CF630E06D}.Release|Any CPU.ActiveCfg = Release|Any CPU
		{3E0749D9-C884-44F2-AEBF-2B9CF630E06D}.Release|Any CPU.Build.0 = Release|Any CPU
	EndGlobalSection
EndGlobal
